
Microsoft Visual Studio Solution File, Format Version 12.00
# Visual Studio Version 17
VisualStudioVersion = 17.3.32922.545
MinimumVisualStudioVersion = 10.0.40219.1
Project("{FAE04EC0-301F-11D3-BF4B-00C04F79EFBC}") = "day16_", "day16_\day16_.csproj", "{424E74C8-FB29-484E-B14C-EE764CAA3EBA}"
EndProject
Project("{FAE04EC0-301F-11D3-BF4B-00C04F79EFBC}") = "day16_test_commit", "day16_Task\day16_test_commit.csproj", "{DD32640B-5B5F-4943-A613-745B729234B5}"
EndProject
Global
	GlobalSection(SolutionConfigurationPlatforms) = preSolution
		Debug|Any CPU = Debug|Any CPU
		Release|Any CPU = Release|Any CPU
	EndGlobalSection
	GlobalSection(ProjectConfigurationPlatforms) = postSolution
		{424E74C8-FB29-484E-B14C-EE764CAA3EBA}.Debug|Any CPU.ActiveCfg = Debug|Any CPU
		{424E74C8-FB29-484E-B14C-EE764CAA3EBA}.Debug|Any CPU.Build.0 = Debug|Any CPU
		{424E74C8-FB29-484E-B14C-EE764CAA3EBA}.Release|Any CPU.ActiveCfg = Release|Any CPU
		{424E74C8-FB29-484E-B14C-EE764CAA3EBA}.Release|Any CPU.Build.0 = Release|Any CPU
		{DD32640B-5B5F-4943-A613-745B729234B5}.Debug|Any CPU.ActiveCfg = Debug|Any CPU
		{DD32640B-5B5F-4943-A613-745B729234B5}.Debug|Any CPU.Build.0 = Debug|Any CPU
		{DD32640B-5B5F-4943-A613-745B729234B5}.Release|Any CPU.ActiveCfg = Release|Any CPU
		{DD32640B-5B5F-4943-A613-745B729234B5}.Release|Any CPU.Build.0 = Release|Any CPU
	EndGlobalSection
	GlobalSection(SolutionProperties) = preSolution
		HideSolutionNode = FALSE
	EndGlobalSection
	GlobalSection(ExtensibilityGlobals) = postSolution
		SolutionGuid = {A1F4EEBE-A783-4274-B95E-EFBA0A4F2F8C}
	EndGlobalSection
EndGlobal
